
Microsoft Visual Studio Solution File, Format Version 12.00
# Visual Studio Version 16
VisualStudioVersion = 16.0.29709.97
MinimumVisualStudioVersion = 10.0.40219.1
Project("{2150E333-8FDC-42A3-9474-1A3956D46DE8}") = "Solution Items", "Solution Items", "{C36835E5-7DE7-4313-8014-50FE8792CF13}"
	ProjectSection(SolutionItems) = preProject
		.editorconfig = .editorconfig
		.gitignore = .gitignore
		.gitlab-ci.yml = .gitlab-ci.yml
		directory.build.props = directory.build.props
		LICENSE = LICENSE
		README.md = README.md
	EndProjectSection
EndProject
Project("{2150E333-8FDC-42A3-9474-1A3956D46DE8}") = "src", "src", "{3DD7C4F9-0841-45EC-AD46-8D369F435779}"
EndProject
Project("{9A19103F-16F7-4668-BE54-9A1E7A4F7556}") = "MQ2DotNetCore", "src\MQ2DotNetCore\MQ2DotNetCore.csproj", "{CBF094BF-28C9-4764-B7CB-E180C020DB2E}"
EndProject
Project("{8BC9CEB8-8B4A-11D0-8D11-00A0C91BC942}") = "MQ2DotNetLoaderCore", "src\MQ2DotNetLoaderCore\MQ2DotNetLoaderCore.vcxproj", "{40EA8037-3522-40CC-BB01-C666B8865E21}"
EndProject
Project("{9A19103F-16F7-4668-BE54-9A1E7A4F7556}") = "RhinoBot", "src\RhinoBot\RhinoBot.csproj", "{9CCA8010-D875-4C39-A892-D570E7B6813C}"
EndProject
Global
	GlobalSection(SolutionConfigurationPlatforms) = preSolution
		Debug|x86 = Debug|x86
		Release|x86 = Release|x86
	EndGlobalSection
	GlobalSection(ProjectConfigurationPlatforms) = postSolution
		{CBF094BF-28C9-4764-B7CB-E180C020DB2E}.Debug|x86.ActiveCfg = Debug|Any CPU
		{CBF094BF-28C9-4764-B7CB-E180C020DB2E}.Debug|x86.Build.0 = Debug|Any CPU
		{CBF094BF-28C9-4764-B7CB-E180C020DB2E}.Release|x86.ActiveCfg = Release|Any CPU
		{CBF094BF-28C9-4764-B7CB-E180C020DB2E}.Release|x86.Build.0 = Release|Any CPU
		{40EA8037-3522-40CC-BB01-C666B8865E21}.Debug|x86.ActiveCfg = Debug|Win32
		{40EA8037-3522-40CC-BB01-C666B8865E21}.Debug|x86.Build.0 = Debug|Win32
		{40EA8037-3522-40CC-BB01-C666B8865E21}.Release|x86.ActiveCfg = Release|Win32
		{40EA8037-3522-40CC-BB01-C666B8865E21}.Release|x86.Build.0 = Release|Win32
		{9CCA8010-D875-4C39-A892-D570E7B6813C}.Debug|x86.ActiveCfg = Debug|Any CPU
		{9CCA8010-D875-4C39-A892-D570E7B6813C}.Debug|x86.Build.0 = Debug|Any CPU
		{9CCA8010-D875-4C39-A892-D570E7B6813C}.Release|x86.ActiveCfg = Release|Any CPU
		{9CCA8010-D875-4C39-A892-D570E7B6813C}.Release|x86.Build.0 = Release|Any CPU
	EndGlobalSection
	GlobalSection(SolutionProperties) = preSolution
		HideSolutionNode = FALSE
	EndGlobalSection
	GlobalSection(NestedProjects) = preSolution
		{CBF094BF-28C9-4764-B7CB-E180C020DB2E} = {3DD7C4F9-0841-45EC-AD46-8D369F435779}
		{40EA8037-3522-40CC-BB01-C666B8865E21} = {3DD7C4F9-0841-45EC-AD46-8D369F435779}
		{9CCA8010-D875-4C39-A892-D570E7B6813C} = {3DD7C4F9-0841-45EC-AD46-8D369F435779}
	EndGlobalSection
	GlobalSection(ExtensibilityGlobals) = postSolution
		SolutionGuid = {3A5F6FC6-8612-4587-9706-DC0A4B559E22}
	EndGlobalSection
EndGlobal
