
Microsoft Visual Studio Solution File, Format Version 12.00
# Visual Studio Version 16
VisualStudioVersion = 16.0.29709.97
MinimumVisualStudioVersion = 10.0.40219.1
Project("{2150E333-8FDC-42A3-9474-1A3956D46DE8}") = "Solution Items", "Solution Items", "{C36835E5-7DE7-4313-8014-50FE8792CF13}"
	ProjectSection(SolutionItems) = preProject
		.editorconfig = .editorconfig
		.gitignore = .gitignore
		.gitlab-ci.yml = .gitlab-ci.yml
		directory.build.props = directory.build.props
		LICENSE = LICENSE
		README.md = README.md
	EndProjectSection
EndProject
Project("{2150E333-8FDC-42A3-9474-1A3956D46DE8}") = "src", "src", "{3DD7C4F9-0841-45EC-AD46-8D369F435779}"
EndProject
Project("{9A19103F-16F7-4668-BE54-9A1E7A4F7556}") = "MQ2DotNetCore", "src\MQ2DotNetCore\MQ2DotNetCore.csproj", "{CBF094BF-28C9-4764-B7CB-E180C020DB2E}"
EndProject
Project("{8BC9CEB8-8B4A-11D0-8D11-00A0C91BC942}") = "MQ2DotNetCoreLoader", "src\MQ2DotNetCoreLoader\MQ2DotNetCoreLoader.vcxproj", "{40EA8037-3522-40CC-BB01-C666B8865E21}"
EndProject
Project("{9A19103F-16F7-4668-BE54-9A1E7A4F7556}") = "RhinoBot", "src\RhinoBot\RhinoBot.csproj", "{9CCA8010-D875-4C39-A892-D570E7B6813C}"
EndProject
Project("{9A19103F-16F7-4668-BE54-9A1E7A4F7556}") = "TestProgram", "src\TestProgram\TestProgram.csproj", "{CD8C5DB5-8546-4AE8-BB74-C8E98866F66C}"
EndProject
Project("{2150E333-8FDC-42A3-9474-1A3956D46DE8}") = "scripts", "scripts", "{82482F41-1D8F-49CE-918D-1A40A0D1961B}"
	ProjectSection(SolutionItems) = preProject
		scripts\DeployFilesTask.js = scripts\DeployFilesTask.js
		scripts\DeployFilesTask.ts = scripts\DeployFilesTask.ts
		package.json = package.json
		tsconfig.json = tsconfig.json
		yarn.lock = yarn.lock
	EndProjectSection
EndProject
Project("{FAE04EC0-301F-11D3-BF4B-00C04F79EFBC}") = "ConsoleAppForTestingStuff", "src\ConsoleAppForTestingStuff\ConsoleAppForTestingStuff.csproj", "{87E1B4D4-92F3-4BCC-B3B2-EECB323B4181}"
EndProject
Global
	GlobalSection(SolutionConfigurationPlatforms) = preSolution
		Debug|Any CPU = Debug|Any CPU
		Debug|x86 = Debug|x86
		Release|Any CPU = Release|Any CPU
		Release|x86 = Release|x86
	EndGlobalSection
	GlobalSection(ProjectConfigurationPlatforms) = postSolution
		{CBF094BF-28C9-4764-B7CB-E180C020DB2E}.Debug|Any CPU.ActiveCfg = Debug|Any CPU
		{CBF094BF-28C9-4764-B7CB-E180C020DB2E}.Debug|Any CPU.Build.0 = Debug|Any CPU
		{CBF094BF-28C9-4764-B7CB-E180C020DB2E}.Debug|x86.ActiveCfg = Debug|Any CPU
		{CBF094BF-28C9-4764-B7CB-E180C020DB2E}.Debug|x86.Build.0 = Debug|Any CPU
		{CBF094BF-28C9-4764-B7CB-E180C020DB2E}.Release|Any CPU.ActiveCfg = Release|Any CPU
		{CBF094BF-28C9-4764-B7CB-E180C020DB2E}.Release|Any CPU.Build.0 = Release|Any CPU
		{CBF094BF-28C9-4764-B7CB-E180C020DB2E}.Release|x86.ActiveCfg = Release|Any CPU
		{CBF094BF-28C9-4764-B7CB-E180C020DB2E}.Release|x86.Build.0 = Release|Any CPU
		{40EA8037-3522-40CC-BB01-C666B8865E21}.Debug|Any CPU.ActiveCfg = Debug|Win32
		{40EA8037-3522-40CC-BB01-C666B8865E21}.Debug|x86.ActiveCfg = Debug|Win32
		{40EA8037-3522-40CC-BB01-C666B8865E21}.Debug|x86.Build.0 = Debug|Win32
		{40EA8037-3522-40CC-BB01-C666B8865E21}.Release|Any CPU.ActiveCfg = Release|Win32
		{40EA8037-3522-40CC-BB01-C666B8865E21}.Release|x86.ActiveCfg = Release|Win32
		{40EA8037-3522-40CC-BB01-C666B8865E21}.Release|x86.Build.0 = Release|Win32
		{9CCA8010-D875-4C39-A892-D570E7B6813C}.Debug|Any CPU.ActiveCfg = Debug|Any CPU
		{9CCA8010-D875-4C39-A892-D570E7B6813C}.Debug|Any CPU.Build.0 = Debug|Any CPU
		{9CCA8010-D875-4C39-A892-D570E7B6813C}.Debug|x86.ActiveCfg = Debug|Any CPU
		{9CCA8010-D875-4C39-A892-D570E7B6813C}.Debug|x86.Build.0 = Debug|Any CPU
		{9CCA8010-D875-4C39-A892-D570E7B6813C}.Release|Any CPU.ActiveCfg = Release|Any CPU
		{9CCA8010-D875-4C39-A892-D570E7B6813C}.Release|Any CPU.Build.0 = Release|Any CPU
		{9CCA8010-D875-4C39-A892-D570E7B6813C}.Release|x86.ActiveCfg = Release|Any CPU
		{9CCA8010-D875-4C39-A892-D570E7B6813C}.Release|x86.Build.0 = Release|Any CPU
		{CD8C5DB5-8546-4AE8-BB74-C8E98866F66C}.Debug|Any CPU.ActiveCfg = Debug|Any CPU
		{CD8C5DB5-8546-4AE8-BB74-C8E98866F66C}.Debug|Any CPU.Build.0 = Debug|Any CPU
		{CD8C5DB5-8546-4AE8-BB74-C8E98866F66C}.Debug|x86.ActiveCfg = Debug|Any CPU
		{CD8C5DB5-8546-4AE8-BB74-C8E98866F66C}.Debug|x86.Build.0 = Debug|Any CPU
		{CD8C5DB5-8546-4AE8-BB74-C8E98866F66C}.Release|Any CPU.ActiveCfg = Release|Any CPU
		{CD8C5DB5-8546-4AE8-BB74-C8E98866F66C}.Release|Any CPU.Build.0 = Release|Any CPU
		{CD8C5DB5-8546-4AE8-BB74-C8E98866F66C}.Release|x86.ActiveCfg = Release|Any CPU
		{CD8C5DB5-8546-4AE8-BB74-C8E98866F66C}.Release|x86.Build.0 = Release|Any CPU
		{87E1B4D4-92F3-4BCC-B3B2-EECB323B4181}.Debug|Any CPU.ActiveCfg = Debug|Any CPU
		{87E1B4D4-92F3-4BCC-B3B2-EECB323B4181}.Debug|Any CPU.Build.0 = Debug|Any CPU
		{87E1B4D4-92F3-4BCC-B3B2-EECB323B4181}.Debug|x86.ActiveCfg = Debug|Any CPU
		{87E1B4D4-92F3-4BCC-B3B2-EECB323B4181}.Debug|x86.Build.0 = Debug|Any CPU
		{87E1B4D4-92F3-4BCC-B3B2-EECB323B4181}.Release|Any CPU.ActiveCfg = Release|Any CPU
		{87E1B4D4-92F3-4BCC-B3B2-EECB323B4181}.Release|Any CPU.Build.0 = Release|Any CPU
		{87E1B4D4-92F3-4BCC-B3B2-EECB323B4181}.Release|x86.ActiveCfg = Release|Any CPU
		{87E1B4D4-92F3-4BCC-B3B2-EECB323B4181}.Release|x86.Build.0 = Release|Any CPU
	EndGlobalSection
	GlobalSection(SolutionProperties) = preSolution
		HideSolutionNode = FALSE
	EndGlobalSection
	GlobalSection(NestedProjects) = preSolution
		{CBF094BF-28C9-4764-B7CB-E180C020DB2E} = {3DD7C4F9-0841-45EC-AD46-8D369F435779}
		{40EA8037-3522-40CC-BB01-C666B8865E21} = {3DD7C4F9-0841-45EC-AD46-8D369F435779}
		{9CCA8010-D875-4C39-A892-D570E7B6813C} = {3DD7C4F9-0841-45EC-AD46-8D369F435779}
		{CD8C5DB5-8546-4AE8-BB74-C8E98866F66C} = {3DD7C4F9-0841-45EC-AD46-8D369F435779}
		{87E1B4D4-92F3-4BCC-B3B2-EECB323B4181} = {3DD7C4F9-0841-45EC-AD46-8D369F435779}
	EndGlobalSection
	GlobalSection(ExtensibilityGlobals) = postSolution
		SolutionGuid = {3A5F6FC6-8612-4587-9706-DC0A4B559E22}
	EndGlobalSection
EndGlobal
